
Microsoft Visual Studio Solution File, Format Version 12.00
# Visual Studio 14
VisualStudioVersion = 14.0.25123.0
MinimumVisualStudioVersion = 10.0.40219.1
Project("{FAE04EC0-301F-11D3-BF4B-00C04F79EFBC}") = "See4Me.Windows", "src\See4Me.Windows\See4Me.Windows.csproj", "{0D590B16-EF65-40FB-9218-96E5F5D40F1C}"
EndProject
Project("{D954291E-2A0B-460D-934E-DC6B0785DB48}") = "See4Me.Shared", "src\See4Me.Shared\See4Me.Shared.shproj", "{9E2CEC20-3EA7-4627-A5FB-1F57F0716AA2}"
EndProject
Project("{FAE04EC0-301F-11D3-BF4B-00C04F79EFBC}") = "See4Me.Android", "src\See4Me.Android\See4Me.Android.csproj", "{BB5E6EA7-347B-47EB-8ABF-0C37A25EF101}"
EndProject
Project("{FAE04EC0-301F-11D3-BF4B-00C04F79EFBC}") = "See4Me.iOS", "src\See4Me.iOS\See4Me.iOS.csproj", "{07D2CE91-D4C3-4E01-88CC-9E40FE3F8D47}"
EndProject
Project("{FAE04EC0-301F-11D3-BF4B-00C04F79EFBC}") = "See4Me.Localization", "src\See4Me.Localization\See4Me.Localization.csproj", "{10463B05-995D-4730-B617-D2CA57D95C65}"
EndProject
Project("{2150E333-8FDC-42A3-9474-1A3956D46DE8}") = "See4Me.Common", "See4Me.Common", "{DB58863E-8ED2-4360-B584-295218B176A3}"
EndProject
Project("{2150E333-8FDC-42A3-9474-1A3956D46DE8}") = "Platforms", "Platforms", "{4CE3747F-DA40-4E31-B325-28FC13BFC37F}"
EndProject
Global
	GlobalSection(SharedMSBuildProjectFiles) = preSolution
		Src\See4Me.Shared\See4Me.Shared.projitems*{bb5e6ea7-347b-47eb-8abf-0c37a25ef101}*SharedItemsImports = 4
		Src\See4Me.Shared\See4Me.Shared.projitems*{9e2cec20-3ea7-4627-a5fb-1f57f0716aa2}*SharedItemsImports = 13
		Src\See4Me.Shared\See4Me.Shared.projitems*{07d2ce91-d4c3-4e01-88cc-9e40fe3f8d47}*SharedItemsImports = 4
		Src\See4Me.Shared\See4Me.Shared.projitems*{0d590b16-ef65-40fb-9218-96e5f5d40f1c}*SharedItemsImports = 4
	EndGlobalSection
	GlobalSection(SolutionConfigurationPlatforms) = preSolution
		Ad-Hoc|Any CPU = Ad-Hoc|Any CPU
		Ad-Hoc|ARM = Ad-Hoc|ARM
		Ad-Hoc|iPhone = Ad-Hoc|iPhone
		Ad-Hoc|iPhoneSimulator = Ad-Hoc|iPhoneSimulator
		Ad-Hoc|x64 = Ad-Hoc|x64
		Ad-Hoc|x86 = Ad-Hoc|x86
		AppStore|Any CPU = AppStore|Any CPU
		AppStore|ARM = AppStore|ARM
		AppStore|iPhone = AppStore|iPhone
		AppStore|iPhoneSimulator = AppStore|iPhoneSimulator
		AppStore|x64 = AppStore|x64
		AppStore|x86 = AppStore|x86
		Debug|Any CPU = Debug|Any CPU
		Debug|ARM = Debug|ARM
		Debug|iPhone = Debug|iPhone
		Debug|iPhoneSimulator = Debug|iPhoneSimulator
		Debug|x64 = Debug|x64
		Debug|x86 = Debug|x86
		Release|Any CPU = Release|Any CPU
		Release|ARM = Release|ARM
		Release|iPhone = Release|iPhone
		Release|iPhoneSimulator = Release|iPhoneSimulator
		Release|x64 = Release|x64
		Release|x86 = Release|x86
	EndGlobalSection
	GlobalSection(ProjectConfigurationPlatforms) = postSolution
		{0D590B16-EF65-40FB-9218-96E5F5D40F1C}.Ad-Hoc|Any CPU.ActiveCfg = Release|x86
		{0D590B16-EF65-40FB-9218-96E5F5D40F1C}.Ad-Hoc|Any CPU.Build.0 = Release|x86
		{0D590B16-EF65-40FB-9218-96E5F5D40F1C}.Ad-Hoc|Any CPU.Deploy.0 = Release|x86
		{0D590B16-EF65-40FB-9218-96E5F5D40F1C}.Ad-Hoc|ARM.ActiveCfg = Release|ARM
		{0D590B16-EF65-40FB-9218-96E5F5D40F1C}.Ad-Hoc|ARM.Build.0 = Release|ARM
		{0D590B16-EF65-40FB-9218-96E5F5D40F1C}.Ad-Hoc|ARM.Deploy.0 = Release|ARM
		{0D590B16-EF65-40FB-9218-96E5F5D40F1C}.Ad-Hoc|iPhone.ActiveCfg = Release|x86
		{0D590B16-EF65-40FB-9218-96E5F5D40F1C}.Ad-Hoc|iPhone.Build.0 = Release|x86
		{0D590B16-EF65-40FB-9218-96E5F5D40F1C}.Ad-Hoc|iPhone.Deploy.0 = Release|x86
		{0D590B16-EF65-40FB-9218-96E5F5D40F1C}.Ad-Hoc|iPhoneSimulator.ActiveCfg = Release|x86
		{0D590B16-EF65-40FB-9218-96E5F5D40F1C}.Ad-Hoc|iPhoneSimulator.Build.0 = Release|x86
		{0D590B16-EF65-40FB-9218-96E5F5D40F1C}.Ad-Hoc|iPhoneSimulator.Deploy.0 = Release|x86
		{0D590B16-EF65-40FB-9218-96E5F5D40F1C}.Ad-Hoc|x64.ActiveCfg = Release|x64
		{0D590B16-EF65-40FB-9218-96E5F5D40F1C}.Ad-Hoc|x64.Build.0 = Release|x64
		{0D590B16-EF65-40FB-9218-96E5F5D40F1C}.Ad-Hoc|x64.Deploy.0 = Release|x64
		{0D590B16-EF65-40FB-9218-96E5F5D40F1C}.Ad-Hoc|x86.ActiveCfg = Release|x86
		{0D590B16-EF65-40FB-9218-96E5F5D40F1C}.Ad-Hoc|x86.Build.0 = Release|x86
		{0D590B16-EF65-40FB-9218-96E5F5D40F1C}.Ad-Hoc|x86.Deploy.0 = Release|x86
		{0D590B16-EF65-40FB-9218-96E5F5D40F1C}.AppStore|Any CPU.ActiveCfg = Release|x86
		{0D590B16-EF65-40FB-9218-96E5F5D40F1C}.AppStore|Any CPU.Build.0 = Release|x86
		{0D590B16-EF65-40FB-9218-96E5F5D40F1C}.AppStore|Any CPU.Deploy.0 = Release|x86
		{0D590B16-EF65-40FB-9218-96E5F5D40F1C}.AppStore|ARM.ActiveCfg = Release|ARM
		{0D590B16-EF65-40FB-9218-96E5F5D40F1C}.AppStore|ARM.Build.0 = Release|ARM
		{0D590B16-EF65-40FB-9218-96E5F5D40F1C}.AppStore|ARM.Deploy.0 = Release|ARM
		{0D590B16-EF65-40FB-9218-96E5F5D40F1C}.AppStore|iPhone.ActiveCfg = Release|x86
		{0D590B16-EF65-40FB-9218-96E5F5D40F1C}.AppStore|iPhone.Build.0 = Release|x86
		{0D590B16-EF65-40FB-9218-96E5F5D40F1C}.AppStore|iPhone.Deploy.0 = Release|x86
		{0D590B16-EF65-40FB-9218-96E5F5D40F1C}.AppStore|iPhoneSimulator.ActiveCfg = Release|x86
		{0D590B16-EF65-40FB-9218-96E5F5D40F1C}.AppStore|iPhoneSimulator.Build.0 = Release|x86
		{0D590B16-EF65-40FB-9218-96E5F5D40F1C}.AppStore|iPhoneSimulator.Deploy.0 = Release|x86
		{0D590B16-EF65-40FB-9218-96E5F5D40F1C}.AppStore|x64.ActiveCfg = Release|x64
		{0D590B16-EF65-40FB-9218-96E5F5D40F1C}.AppStore|x64.Build.0 = Release|x64
		{0D590B16-EF65-40FB-9218-96E5F5D40F1C}.AppStore|x64.Deploy.0 = Release|x64
		{0D590B16-EF65-40FB-9218-96E5F5D40F1C}.AppStore|x86.ActiveCfg = Release|x86
		{0D590B16-EF65-40FB-9218-96E5F5D40F1C}.AppStore|x86.Build.0 = Release|x86
		{0D590B16-EF65-40FB-9218-96E5F5D40F1C}.AppStore|x86.Deploy.0 = Release|x86
		{0D590B16-EF65-40FB-9218-96E5F5D40F1C}.Debug|Any CPU.ActiveCfg = Debug|x86
		{0D590B16-EF65-40FB-9218-96E5F5D40F1C}.Debug|Any CPU.Build.0 = Debug|x86
		{0D590B16-EF65-40FB-9218-96E5F5D40F1C}.Debug|Any CPU.Deploy.0 = Debug|x86
		{0D590B16-EF65-40FB-9218-96E5F5D40F1C}.Debug|ARM.ActiveCfg = Debug|ARM
		{0D590B16-EF65-40FB-9218-96E5F5D40F1C}.Debug|ARM.Build.0 = Debug|ARM
		{0D590B16-EF65-40FB-9218-96E5F5D40F1C}.Debug|ARM.Deploy.0 = Debug|ARM
		{0D590B16-EF65-40FB-9218-96E5F5D40F1C}.Debug|iPhone.ActiveCfg = Debug|x86
		{0D590B16-EF65-40FB-9218-96E5F5D40F1C}.Debug|iPhoneSimulator.ActiveCfg = Debug|x86
		{0D590B16-EF65-40FB-9218-96E5F5D40F1C}.Debug|x64.ActiveCfg = Debug|x64
		{0D590B16-EF65-40FB-9218-96E5F5D40F1C}.Debug|x64.Build.0 = Debug|x64
		{0D590B16-EF65-40FB-9218-96E5F5D40F1C}.Debug|x64.Deploy.0 = Debug|x64
		{0D590B16-EF65-40FB-9218-96E5F5D40F1C}.Debug|x86.ActiveCfg = Debug|x86
		{0D590B16-EF65-40FB-9218-96E5F5D40F1C}.Debug|x86.Build.0 = Debug|x86
		{0D590B16-EF65-40FB-9218-96E5F5D40F1C}.Debug|x86.Deploy.0 = Debug|x86
		{0D590B16-EF65-40FB-9218-96E5F5D40F1C}.Release|Any CPU.ActiveCfg = Release|x86
		{0D590B16-EF65-40FB-9218-96E5F5D40F1C}.Release|ARM.ActiveCfg = Release|ARM
		{0D590B16-EF65-40FB-9218-96E5F5D40F1C}.Release|ARM.Build.0 = Release|ARM
		{0D590B16-EF65-40FB-9218-96E5F5D40F1C}.Release|ARM.Deploy.0 = Release|ARM
		{0D590B16-EF65-40FB-9218-96E5F5D40F1C}.Release|iPhone.ActiveCfg = Release|x86
		{0D590B16-EF65-40FB-9218-96E5F5D40F1C}.Release|iPhoneSimulator.ActiveCfg = Release|x86
		{0D590B16-EF65-40FB-9218-96E5F5D40F1C}.Release|x64.ActiveCfg = Release|x64
		{0D590B16-EF65-40FB-9218-96E5F5D40F1C}.Release|x64.Build.0 = Release|x64
		{0D590B16-EF65-40FB-9218-96E5F5D40F1C}.Release|x64.Deploy.0 = Release|x64
		{0D590B16-EF65-40FB-9218-96E5F5D40F1C}.Release|x86.ActiveCfg = Release|x86
		{0D590B16-EF65-40FB-9218-96E5F5D40F1C}.Release|x86.Build.0 = Release|x86
		{0D590B16-EF65-40FB-9218-96E5F5D40F1C}.Release|x86.Deploy.0 = Release|x86
		{BB5E6EA7-347B-47EB-8ABF-0C37A25EF101}.Ad-Hoc|Any CPU.ActiveCfg = Release|Any CPU
		{BB5E6EA7-347B-47EB-8ABF-0C37A25EF101}.Ad-Hoc|Any CPU.Build.0 = Release|Any CPU
		{BB5E6EA7-347B-47EB-8ABF-0C37A25EF101}.Ad-Hoc|Any CPU.Deploy.0 = Release|Any CPU
		{BB5E6EA7-347B-47EB-8ABF-0C37A25EF101}.Ad-Hoc|ARM.ActiveCfg = Release|Any CPU
		{BB5E6EA7-347B-47EB-8ABF-0C37A25EF101}.Ad-Hoc|ARM.Build.0 = Release|Any CPU
		{BB5E6EA7-347B-47EB-8ABF-0C37A25EF101}.Ad-Hoc|ARM.Deploy.0 = Release|Any CPU
		{BB5E6EA7-347B-47EB-8ABF-0C37A25EF101}.Ad-Hoc|iPhone.ActiveCfg = Release|Any CPU
		{BB5E6EA7-347B-47EB-8ABF-0C37A25EF101}.Ad-Hoc|iPhone.Build.0 = Release|Any CPU
		{BB5E6EA7-347B-47EB-8ABF-0C37A25EF101}.Ad-Hoc|iPhone.Deploy.0 = Release|Any CPU
		{BB5E6EA7-347B-47EB-8ABF-0C37A25EF101}.Ad-Hoc|iPhoneSimulator.ActiveCfg = Release|Any CPU
		{BB5E6EA7-347B-47EB-8ABF-0C37A25EF101}.Ad-Hoc|iPhoneSimulator.Build.0 = Release|Any CPU
		{BB5E6EA7-347B-47EB-8ABF-0C37A25EF101}.Ad-Hoc|iPhoneSimulator.Deploy.0 = Release|Any CPU
		{BB5E6EA7-347B-47EB-8ABF-0C37A25EF101}.Ad-Hoc|x64.ActiveCfg = Release|Any CPU
		{BB5E6EA7-347B-47EB-8ABF-0C37A25EF101}.Ad-Hoc|x64.Build.0 = Release|Any CPU
		{BB5E6EA7-347B-47EB-8ABF-0C37A25EF101}.Ad-Hoc|x64.Deploy.0 = Release|Any CPU
		{BB5E6EA7-347B-47EB-8ABF-0C37A25EF101}.Ad-Hoc|x86.ActiveCfg = Release|Any CPU
		{BB5E6EA7-347B-47EB-8ABF-0C37A25EF101}.Ad-Hoc|x86.Build.0 = Release|Any CPU
		{BB5E6EA7-347B-47EB-8ABF-0C37A25EF101}.Ad-Hoc|x86.Deploy.0 = Release|Any CPU
		{BB5E6EA7-347B-47EB-8ABF-0C37A25EF101}.AppStore|Any CPU.ActiveCfg = Release|Any CPU
		{BB5E6EA7-347B-47EB-8ABF-0C37A25EF101}.AppStore|Any CPU.Build.0 = Release|Any CPU
		{BB5E6EA7-347B-47EB-8ABF-0C37A25EF101}.AppStore|Any CPU.Deploy.0 = Release|Any CPU
		{BB5E6EA7-347B-47EB-8ABF-0C37A25EF101}.AppStore|ARM.ActiveCfg = Release|Any CPU
		{BB5E6EA7-347B-47EB-8ABF-0C37A25EF101}.AppStore|ARM.Build.0 = Release|Any CPU
		{BB5E6EA7-347B-47EB-8ABF-0C37A25EF101}.AppStore|ARM.Deploy.0 = Release|Any CPU
		{BB5E6EA7-347B-47EB-8ABF-0C37A25EF101}.AppStore|iPhone.ActiveCfg = Release|Any CPU
		{BB5E6EA7-347B-47EB-8ABF-0C37A25EF101}.AppStore|iPhone.Build.0 = Release|Any CPU
		{BB5E6EA7-347B-47EB-8ABF-0C37A25EF101}.AppStore|iPhone.Deploy.0 = Release|Any CPU
		{BB5E6EA7-347B-47EB-8ABF-0C37A25EF101}.AppStore|iPhoneSimulator.ActiveCfg = Release|Any CPU
		{BB5E6EA7-347B-47EB-8ABF-0C37A25EF101}.AppStore|iPhoneSimulator.Build.0 = Release|Any CPU
		{BB5E6EA7-347B-47EB-8ABF-0C37A25EF101}.AppStore|iPhoneSimulator.Deploy.0 = Release|Any CPU
		{BB5E6EA7-347B-47EB-8ABF-0C37A25EF101}.AppStore|x64.ActiveCfg = Release|Any CPU
		{BB5E6EA7-347B-47EB-8ABF-0C37A25EF101}.AppStore|x64.Build.0 = Release|Any CPU
		{BB5E6EA7-347B-47EB-8ABF-0C37A25EF101}.AppStore|x64.Deploy.0 = Release|Any CPU
		{BB5E6EA7-347B-47EB-8ABF-0C37A25EF101}.AppStore|x86.ActiveCfg = Release|Any CPU
		{BB5E6EA7-347B-47EB-8ABF-0C37A25EF101}.AppStore|x86.Build.0 = Release|Any CPU
		{BB5E6EA7-347B-47EB-8ABF-0C37A25EF101}.AppStore|x86.Deploy.0 = Release|Any CPU
		{BB5E6EA7-347B-47EB-8ABF-0C37A25EF101}.Debug|Any CPU.ActiveCfg = Debug|Any CPU
		{BB5E6EA7-347B-47EB-8ABF-0C37A25EF101}.Debug|Any CPU.Build.0 = Debug|Any CPU
		{BB5E6EA7-347B-47EB-8ABF-0C37A25EF101}.Debug|Any CPU.Deploy.0 = Debug|Any CPU
		{BB5E6EA7-347B-47EB-8ABF-0C37A25EF101}.Debug|ARM.ActiveCfg = Debug|Any CPU
		{BB5E6EA7-347B-47EB-8ABF-0C37A25EF101}.Debug|ARM.Build.0 = Debug|Any CPU
		{BB5E6EA7-347B-47EB-8ABF-0C37A25EF101}.Debug|ARM.Deploy.0 = Debug|Any CPU
		{BB5E6EA7-347B-47EB-8ABF-0C37A25EF101}.Debug|iPhone.ActiveCfg = Debug|Any CPU
		{BB5E6EA7-347B-47EB-8ABF-0C37A25EF101}.Debug|iPhone.Build.0 = Debug|Any CPU
		{BB5E6EA7-347B-47EB-8ABF-0C37A25EF101}.Debug|iPhone.Deploy.0 = Debug|Any CPU
		{BB5E6EA7-347B-47EB-8ABF-0C37A25EF101}.Debug|iPhoneSimulator.ActiveCfg = Debug|Any CPU
		{BB5E6EA7-347B-47EB-8ABF-0C37A25EF101}.Debug|iPhoneSimulator.Build.0 = Debug|Any CPU
		{BB5E6EA7-347B-47EB-8ABF-0C37A25EF101}.Debug|iPhoneSimulator.Deploy.0 = Debug|Any CPU
		{BB5E6EA7-347B-47EB-8ABF-0C37A25EF101}.Debug|x64.ActiveCfg = Debug|Any CPU
		{BB5E6EA7-347B-47EB-8ABF-0C37A25EF101}.Debug|x64.Build.0 = Debug|Any CPU
		{BB5E6EA7-347B-47EB-8ABF-0C37A25EF101}.Debug|x64.Deploy.0 = Debug|Any CPU
		{BB5E6EA7-347B-47EB-8ABF-0C37A25EF101}.Debug|x86.ActiveCfg = Debug|Any CPU
		{BB5E6EA7-347B-47EB-8ABF-0C37A25EF101}.Debug|x86.Build.0 = Debug|Any CPU
		{BB5E6EA7-347B-47EB-8ABF-0C37A25EF101}.Debug|x86.Deploy.0 = Debug|Any CPU
		{BB5E6EA7-347B-47EB-8ABF-0C37A25EF101}.Release|Any CPU.ActiveCfg = Release|Any CPU
		{BB5E6EA7-347B-47EB-8ABF-0C37A25EF101}.Release|Any CPU.Build.0 = Release|Any CPU
		{BB5E6EA7-347B-47EB-8ABF-0C37A25EF101}.Release|Any CPU.Deploy.0 = Release|Any CPU
		{BB5E6EA7-347B-47EB-8ABF-0C37A25EF101}.Release|ARM.ActiveCfg = Release|Any CPU
		{BB5E6EA7-347B-47EB-8ABF-0C37A25EF101}.Release|ARM.Build.0 = Release|Any CPU
		{BB5E6EA7-347B-47EB-8ABF-0C37A25EF101}.Release|ARM.Deploy.0 = Release|Any CPU
		{BB5E6EA7-347B-47EB-8ABF-0C37A25EF101}.Release|iPhone.ActiveCfg = Release|Any CPU
		{BB5E6EA7-347B-47EB-8ABF-0C37A25EF101}.Release|iPhone.Build.0 = Release|Any CPU
		{BB5E6EA7-347B-47EB-8ABF-0C37A25EF101}.Release|iPhone.Deploy.0 = Release|Any CPU
		{BB5E6EA7-347B-47EB-8ABF-0C37A25EF101}.Release|iPhoneSimulator.ActiveCfg = Release|Any CPU
		{BB5E6EA7-347B-47EB-8ABF-0C37A25EF101}.Release|iPhoneSimulator.Build.0 = Release|Any CPU
		{BB5E6EA7-347B-47EB-8ABF-0C37A25EF101}.Release|iPhoneSimulator.Deploy.0 = Release|Any CPU
		{BB5E6EA7-347B-47EB-8ABF-0C37A25EF101}.Release|x64.ActiveCfg = Release|Any CPU
		{BB5E6EA7-347B-47EB-8ABF-0C37A25EF101}.Release|x64.Build.0 = Release|Any CPU
		{BB5E6EA7-347B-47EB-8ABF-0C37A25EF101}.Release|x64.Deploy.0 = Release|Any CPU
		{BB5E6EA7-347B-47EB-8ABF-0C37A25EF101}.Release|x86.ActiveCfg = Release|Any CPU
		{BB5E6EA7-347B-47EB-8ABF-0C37A25EF101}.Release|x86.Build.0 = Release|Any CPU
		{BB5E6EA7-347B-47EB-8ABF-0C37A25EF101}.Release|x86.Deploy.0 = Release|Any CPU
		{07D2CE91-D4C3-4E01-88CC-9E40FE3F8D47}.Ad-Hoc|Any CPU.ActiveCfg = Ad-Hoc|iPhone
		{07D2CE91-D4C3-4E01-88CC-9E40FE3F8D47}.Ad-Hoc|ARM.ActiveCfg = Ad-Hoc|iPhone
		{07D2CE91-D4C3-4E01-88CC-9E40FE3F8D47}.Ad-Hoc|iPhone.ActiveCfg = Ad-Hoc|iPhone
		{07D2CE91-D4C3-4E01-88CC-9E40FE3F8D47}.Ad-Hoc|iPhone.Build.0 = Ad-Hoc|iPhone
		{07D2CE91-D4C3-4E01-88CC-9E40FE3F8D47}.Ad-Hoc|iPhoneSimulator.ActiveCfg = Ad-Hoc|iPhoneSimulator
		{07D2CE91-D4C3-4E01-88CC-9E40FE3F8D47}.Ad-Hoc|iPhoneSimulator.Build.0 = Ad-Hoc|iPhoneSimulator
		{07D2CE91-D4C3-4E01-88CC-9E40FE3F8D47}.Ad-Hoc|x64.ActiveCfg = Ad-Hoc|iPhone
		{07D2CE91-D4C3-4E01-88CC-9E40FE3F8D47}.Ad-Hoc|x86.ActiveCfg = Ad-Hoc|iPhone
		{07D2CE91-D4C3-4E01-88CC-9E40FE3F8D47}.AppStore|Any CPU.ActiveCfg = AppStore|iPhone
		{07D2CE91-D4C3-4E01-88CC-9E40FE3F8D47}.AppStore|ARM.ActiveCfg = AppStore|iPhone
		{07D2CE91-D4C3-4E01-88CC-9E40FE3F8D47}.AppStore|iPhone.ActiveCfg = AppStore|iPhone
		{07D2CE91-D4C3-4E01-88CC-9E40FE3F8D47}.AppStore|iPhone.Build.0 = AppStore|iPhone
		{07D2CE91-D4C3-4E01-88CC-9E40FE3F8D47}.AppStore|iPhoneSimulator.ActiveCfg = AppStore|iPhoneSimulator
		{07D2CE91-D4C3-4E01-88CC-9E40FE3F8D47}.AppStore|iPhoneSimulator.Build.0 = AppStore|iPhoneSimulator
		{07D2CE91-D4C3-4E01-88CC-9E40FE3F8D47}.AppStore|x64.ActiveCfg = AppStore|iPhone
		{07D2CE91-D4C3-4E01-88CC-9E40FE3F8D47}.AppStore|x86.ActiveCfg = AppStore|iPhone
		{07D2CE91-D4C3-4E01-88CC-9E40FE3F8D47}.Debug|Any CPU.ActiveCfg = Debug|iPhoneSimulator
		{07D2CE91-D4C3-4E01-88CC-9E40FE3F8D47}.Debug|Any CPU.Build.0 = Debug|iPhoneSimulator
		{07D2CE91-D4C3-4E01-88CC-9E40FE3F8D47}.Debug|ARM.ActiveCfg = Debug|iPhone
		{07D2CE91-D4C3-4E01-88CC-9E40FE3F8D47}.Debug|iPhone.ActiveCfg = Debug|iPhone
		{07D2CE91-D4C3-4E01-88CC-9E40FE3F8D47}.Debug|iPhone.Build.0 = Debug|iPhone
		{07D2CE91-D4C3-4E01-88CC-9E40FE3F8D47}.Debug|iPhoneSimulator.ActiveCfg = Debug|iPhoneSimulator
		{07D2CE91-D4C3-4E01-88CC-9E40FE3F8D47}.Debug|iPhoneSimulator.Build.0 = Debug|iPhoneSimulator
		{07D2CE91-D4C3-4E01-88CC-9E40FE3F8D47}.Debug|x64.ActiveCfg = Debug|iPhone
		{07D2CE91-D4C3-4E01-88CC-9E40FE3F8D47}.Debug|x86.ActiveCfg = Debug|iPhone
		{07D2CE91-D4C3-4E01-88CC-9E40FE3F8D47}.Release|Any CPU.ActiveCfg = Release|iPhone
		{07D2CE91-D4C3-4E01-88CC-9E40FE3F8D47}.Release|ARM.ActiveCfg = Release|iPhone
		{07D2CE91-D4C3-4E01-88CC-9E40FE3F8D47}.Release|iPhone.ActiveCfg = Release|iPhone
		{07D2CE91-D4C3-4E01-88CC-9E40FE3F8D47}.Release|iPhone.Build.0 = Release|iPhone
		{07D2CE91-D4C3-4E01-88CC-9E40FE3F8D47}.Release|iPhoneSimulator.ActiveCfg = Release|iPhoneSimulator
		{07D2CE91-D4C3-4E01-88CC-9E40FE3F8D47}.Release|iPhoneSimulator.Build.0 = Release|iPhoneSimulator
		{07D2CE91-D4C3-4E01-88CC-9E40FE3F8D47}.Release|x64.ActiveCfg = Release|iPhone
		{07D2CE91-D4C3-4E01-88CC-9E40FE3F8D47}.Release|x86.ActiveCfg = Release|iPhone
		{10463B05-995D-4730-B617-D2CA57D95C65}.Ad-Hoc|Any CPU.ActiveCfg = Release|Any CPU
		{10463B05-995D-4730-B617-D2CA57D95C65}.Ad-Hoc|Any CPU.Build.0 = Release|Any CPU
		{10463B05-995D-4730-B617-D2CA57D95C65}.Ad-Hoc|ARM.ActiveCfg = Release|Any CPU
		{10463B05-995D-4730-B617-D2CA57D95C65}.Ad-Hoc|ARM.Build.0 = Release|Any CPU
		{10463B05-995D-4730-B617-D2CA57D95C65}.Ad-Hoc|iPhone.ActiveCfg = Release|Any CPU
		{10463B05-995D-4730-B617-D2CA57D95C65}.Ad-Hoc|iPhone.Build.0 = Release|Any CPU
		{10463B05-995D-4730-B617-D2CA57D95C65}.Ad-Hoc|iPhoneSimulator.ActiveCfg = Release|Any CPU
		{10463B05-995D-4730-B617-D2CA57D95C65}.Ad-Hoc|iPhoneSimulator.Build.0 = Release|Any CPU
		{10463B05-995D-4730-B617-D2CA57D95C65}.Ad-Hoc|x64.ActiveCfg = Release|Any CPU
		{10463B05-995D-4730-B617-D2CA57D95C65}.Ad-Hoc|x64.Build.0 = Release|Any CPU
		{10463B05-995D-4730-B617-D2CA57D95C65}.Ad-Hoc|x86.ActiveCfg = Release|Any CPU
		{10463B05-995D-4730-B617-D2CA57D95C65}.Ad-Hoc|x86.Build.0 = Release|Any CPU
		{10463B05-995D-4730-B617-D2CA57D95C65}.AppStore|Any CPU.ActiveCfg = Release|Any CPU
		{10463B05-995D-4730-B617-D2CA57D95C65}.AppStore|Any CPU.Build.0 = Release|Any CPU
		{10463B05-995D-4730-B617-D2CA57D95C65}.AppStore|ARM.ActiveCfg = Release|Any CPU
		{10463B05-995D-4730-B617-D2CA57D95C65}.AppStore|ARM.Build.0 = Release|Any CPU
		{10463B05-995D-4730-B617-D2CA57D95C65}.AppStore|iPhone.ActiveCfg = Release|Any CPU
		{10463B05-995D-4730-B617-D2CA57D95C65}.AppStore|iPhone.Build.0 = Release|Any CPU
		{10463B05-995D-4730-B617-D2CA57D95C65}.AppStore|iPhoneSimulator.ActiveCfg = Release|Any CPU
		{10463B05-995D-4730-B617-D2CA57D95C65}.AppStore|iPhoneSimulator.Build.0 = Release|Any CPU
		{10463B05-995D-4730-B617-D2CA57D95C65}.AppStore|x64.ActiveCfg = Release|Any CPU
		{10463B05-995D-4730-B617-D2CA57D95C65}.AppStore|x64.Build.0 = Release|Any CPU
		{10463B05-995D-4730-B617-D2CA57D95C65}.AppStore|x86.ActiveCfg = Release|Any CPU
		{10463B05-995D-4730-B617-D2CA57D95C65}.AppStore|x86.Build.0 = Release|Any CPU
		{10463B05-995D-4730-B617-D2CA57D95C65}.Debug|Any CPU.ActiveCfg = Debug|Any CPU
		{10463B05-995D-4730-B617-D2CA57D95C65}.Debug|Any CPU.Build.0 = Debug|Any CPU
		{10463B05-995D-4730-B617-D2CA57D95C65}.Debug|ARM.ActiveCfg = Debug|Any CPU
		{10463B05-995D-4730-B617-D2CA57D95C65}.Debug|ARM.Build.0 = Debug|Any CPU
		{10463B05-995D-4730-B617-D2CA57D95C65}.Debug|iPhone.ActiveCfg = Debug|Any CPU
		{10463B05-995D-4730-B617-D2CA57D95C65}.Debug|iPhone.Build.0 = Debug|Any CPU
		{10463B05-995D-4730-B617-D2CA57D95C65}.Debug|iPhoneSimulator.ActiveCfg = Debug|Any CPU
		{10463B05-995D-4730-B617-D2CA57D95C65}.Debug|iPhoneSimulator.Build.0 = Debug|Any CPU
		{10463B05-995D-4730-B617-D2CA57D95C65}.Debug|x64.ActiveCfg = Debug|Any CPU
		{10463B05-995D-4730-B617-D2CA57D95C65}.Debug|x64.Build.0 = Debug|Any CPU
		{10463B05-995D-4730-B617-D2CA57D95C65}.Debug|x86.ActiveCfg = Debug|Any CPU
		{10463B05-995D-4730-B617-D2CA57D95C65}.Debug|x86.Build.0 = Debug|Any CPU
		{10463B05-995D-4730-B617-D2CA57D95C65}.Release|Any CPU.ActiveCfg = Release|Any CPU
		{10463B05-995D-4730-B617-D2CA57D95C65}.Release|Any CPU.Build.0 = Release|Any CPU
		{10463B05-995D-4730-B617-D2CA57D95C65}.Release|ARM.ActiveCfg = Release|Any CPU
		{10463B05-995D-4730-B617-D2CA57D95C65}.Release|ARM.Build.0 = Release|Any CPU
		{10463B05-995D-4730-B617-D2CA57D95C65}.Release|iPhone.ActiveCfg = Release|Any CPU
		{10463B05-995D-4730-B617-D2CA57D95C65}.Release|iPhone.Build.0 = Release|Any CPU
		{10463B05-995D-4730-B617-D2CA57D95C65}.Release|iPhoneSimulator.ActiveCfg = Release|Any CPU
		{10463B05-995D-4730-B617-D2CA57D95C65}.Release|iPhoneSimulator.Build.0 = Release|Any CPU
		{10463B05-995D-4730-B617-D2CA57D95C65}.Release|x64.ActiveCfg = Release|Any CPU
		{10463B05-995D-4730-B617-D2CA57D95C65}.Release|x64.Build.0 = Release|Any CPU
		{10463B05-995D-4730-B617-D2CA57D95C65}.Release|x86.ActiveCfg = Release|Any CPU
		{10463B05-995D-4730-B617-D2CA57D95C65}.Release|x86.Build.0 = Release|Any CPU
	EndGlobalSection
	GlobalSection(SolutionProperties) = preSolution
		HideSolutionNode = FALSE
	EndGlobalSection
	GlobalSection(NestedProjects) = preSolution
		{0D590B16-EF65-40FB-9218-96E5F5D40F1C} = {4CE3747F-DA40-4E31-B325-28FC13BFC37F}
		{9E2CEC20-3EA7-4627-A5FB-1F57F0716AA2} = {DB58863E-8ED2-4360-B584-295218B176A3}
		{BB5E6EA7-347B-47EB-8ABF-0C37A25EF101} = {4CE3747F-DA40-4E31-B325-28FC13BFC37F}
		{07D2CE91-D4C3-4E01-88CC-9E40FE3F8D47} = {4CE3747F-DA40-4E31-B325-28FC13BFC37F}
		{10463B05-995D-4730-B617-D2CA57D95C65} = {DB58863E-8ED2-4360-B584-295218B176A3}
	EndGlobalSection
EndGlobal
